
Microsoft Visual Studio Solution File, Format Version 12.00
# Visual Studio Version 16
VisualStudioVersion = 16.0.31005.135
MinimumVisualStudioVersion = 10.0.40219.1
Project("{FAE04EC0-301F-11D3-BF4B-00C04F79EFBC}") = "DotinBankProject.Application", "DotinBankProject.Application\DotinBankProject.Application.csproj", "{ECFAF7F5-CFE4-47DE-BEF6-933BEB91DF7D}"
EndProject
Project("{FAE04EC0-301F-11D3-BF4B-00C04F79EFBC}") = "DotinBankProject.Core", "DotinBankProject.Core\DotinBankProject.Core.csproj", "{479F408C-E621-467E-B2F4-7DF34BADA62F}"
EndProject
Project("{FAE04EC0-301F-11D3-BF4B-00C04F79EFBC}") = "DotinBankProject.Infrastructure", "DotinBankProject.Infrastructure\DotinBankProject.Infrastructure.csproj", "{1AA54078-CDBE-4734-887A-15EBF9B61BB2}"
EndProject
Project("{FAE04EC0-301F-11D3-BF4B-00C04F79EFBC}") = "DotinBankProject.Api", "DotinBankProject.Api\DotinBankProject.Api.csproj", "{835147CC-F34E-4217-B013-3DDD75E34FC0}"
EndProject
Global
	GlobalSection(SolutionConfigurationPlatforms) = preSolution
		Debug|Any CPU = Debug|Any CPU
		Release|Any CPU = Release|Any CPU
	EndGlobalSection
	GlobalSection(ProjectConfigurationPlatforms) = postSolution
		{ECFAF7F5-CFE4-47DE-BEF6-933BEB91DF7D}.Debug|Any CPU.ActiveCfg = Debug|Any CPU
		{ECFAF7F5-CFE4-47DE-BEF6-933BEB91DF7D}.Debug|Any CPU.Build.0 = Debug|Any CPU
		{ECFAF7F5-CFE4-47DE-BEF6-933BEB91DF7D}.Release|Any CPU.ActiveCfg = Release|Any CPU
		{ECFAF7F5-CFE4-47DE-BEF6-933BEB91DF7D}.Release|Any CPU.Build.0 = Release|Any CPU
		{479F408C-E621-467E-B2F4-7DF34BADA62F}.Debug|Any CPU.ActiveCfg = Debug|Any CPU
		{479F408C-E621-467E-B2F4-7DF34BADA62F}.Debug|Any CPU.Build.0 = Debug|Any CPU
		{479F408C-E621-467E-B2F4-7DF34BADA62F}.Release|Any CPU.ActiveCfg = Release|Any CPU
		{479F408C-E621-467E-B2F4-7DF34BADA62F}.Release|Any CPU.Build.0 = Release|Any CPU
		{1AA54078-CDBE-4734-887A-15EBF9B61BB2}.Debug|Any CPU.ActiveCfg = Debug|Any CPU
		{1AA54078-CDBE-4734-887A-15EBF9B61BB2}.Debug|Any CPU.Build.0 = Debug|Any CPU
		{1AA54078-CDBE-4734-887A-15EBF9B61BB2}.Release|Any CPU.ActiveCfg = Release|Any CPU
		{1AA54078-CDBE-4734-887A-15EBF9B61BB2}.Release|Any CPU.Build.0 = Release|Any CPU
		{835147CC-F34E-4217-B013-3DDD75E34FC0}.Debug|Any CPU.ActiveCfg = Debug|Any CPU
		{835147CC-F34E-4217-B013-3DDD75E34FC0}.Debug|Any CPU.Build.0 = Debug|Any CPU
		{835147CC-F34E-4217-B013-3DDD75E34FC0}.Release|Any CPU.ActiveCfg = Release|Any CPU
		{835147CC-F34E-4217-B013-3DDD75E34FC0}.Release|Any CPU.Build.0 = Release|Any CPU
	EndGlobalSection
	GlobalSection(SolutionProperties) = preSolution
		HideSolutionNode = FALSE
	EndGlobalSection
	GlobalSection(ExtensibilityGlobals) = postSolution
		SolutionGuid = {34D6B74F-D498-4176-A21E-682BD9B73BCF}
	EndGlobalSection
EndGlobal
